
Microsoft Visual Studio Solution File, Format Version 12.00
# Visual Studio Version 16
VisualStudioVersion = 16.0.32413.511
MinimumVisualStudioVersion = 10.0.40219.1
Project("{FAE04EC0-301F-11D3-BF4B-00C04F79EFBC}") = "Meu primeiro programa csharp", "Meu primeiro programa csharp\Meu primeiro programa csharp.csproj", "{DB8C872C-28B3-45BD-B547-7AE8F96304AB}"
EndProject
Global
	GlobalSection(SolutionConfigurationPlatforms) = preSolution
		Debug|Any CPU = Debug|Any CPU
		Release|Any CPU = Release|Any CPU
	EndGlobalSection
	GlobalSection(ProjectConfigurationPlatforms) = postSolution
		{DB8C872C-28B3-45BD-B547-7AE8F96304AB}.Debug|Any CPU.ActiveCfg = Debug|Any CPU
		{DB8C872C-28B3-45BD-B547-7AE8F96304AB}.Debug|Any CPU.Build.0 = Debug|Any CPU
		{DB8C872C-28B3-45BD-B547-7AE8F96304AB}.Release|Any CPU.ActiveCfg = Release|Any CPU
		{DB8C872C-28B3-45BD-B547-7AE8F96304AB}.Release|Any CPU.Build.0 = Release|Any CPU
	EndGlobalSection
	GlobalSection(SolutionProperties) = preSolution
		HideSolutionNode = FALSE
	EndGlobalSection
	GlobalSection(ExtensibilityGlobals) = postSolution
		SolutionGuid = {C51CFBDB-8BA3-4DFE-99E1-95FDF74CED43}
	EndGlobalSection
EndGlobal
